
Microsoft Visual Studio Solution File, Format Version 12.00
# Visual Studio 15
VisualStudioVersion = 15.0.28010.2041
MinimumVisualStudioVersion = 10.0.40219.1
Project("{9A19103F-16F7-4668-BE54-9A1E7A4F7556}") = "Nekretnine.WebApi", "Nekretnine.WebApi\Nekretnine.WebApi.csproj", "{063AFF30-B286-4451-96B9-AB49F0168BE1}"
EndProject
Project("{2150E333-8FDC-42A3-9474-1A3956D46DE8}") = "UI", "UI", "{BD992347-DCF9-4943-8CAB-8E495D144098}"
EndProject
Project("{FAE04EC0-301F-11D3-BF4B-00C04F79EFBC}") = "Nekretnine.WinUI", "Nekretnine.WinUI\Nekretnine.WinUI.csproj", "{2301145F-0FE2-4528-BF5B-D46B209E0CAC}"
EndProject
Project("{9A19103F-16F7-4668-BE54-9A1E7A4F7556}") = "Nekretnine.Model", "Nekretnine.Model\Nekretnine.Model.csproj", "{50863D59-C76F-4885-9D48-5DFFA0C301B1}"
EndProject
Project("{2150E333-8FDC-42A3-9474-1A3956D46DE8}") = "Mobile", "Mobile", "{8D3B25E1-54FF-40B3-813C-BF299742EC50}"
EndProject
Project("{FAE04EC0-301F-11D3-BF4B-00C04F79EFBC}") = "Nekretnine.Mobile.Android", "Nekretnine.Mobile\Nekretnine.Mobile.Android\Nekretnine.Mobile.Android.csproj", "{24CE3C36-16B9-426D-AA0C-5961ECF8D88C}"
EndProject
Project("{FAE04EC0-301F-11D3-BF4B-00C04F79EFBC}") = "Nekretnine.Mobile.iOS", "Nekretnine.Mobile\Nekretnine.Mobile.iOS\Nekretnine.Mobile.iOS.csproj", "{F865DE2A-2C8D-4A56-A0CB-DB8DD16D05EE}"
EndProject
Project("{FAE04EC0-301F-11D3-BF4B-00C04F79EFBC}") = "Nekretnine.Mobile.UWP", "Nekretnine.Mobile\Nekretnine.Mobile.UWP\Nekretnine.Mobile.UWP.csproj", "{662208A1-2D55-4EF2-AC84-22DEEE34DB8A}"
EndProject
Project("{FAE04EC0-301F-11D3-BF4B-00C04F79EFBC}") = "Nekretnine.Mobile", "Nekretnine.Mobile\Nekretnine.Mobile\Nekretnine.Mobile.csproj", "{0210ADC9-4987-4296-B0C6-51C784F0D09B}"
EndProject
Global
	GlobalSection(SolutionConfigurationPlatforms) = preSolution
		Debug|Any CPU = Debug|Any CPU
		Debug|ARM = Debug|ARM
		Debug|iPhone = Debug|iPhone
		Debug|iPhoneSimulator = Debug|iPhoneSimulator
		Debug|x64 = Debug|x64
		Debug|x86 = Debug|x86
		Release|Any CPU = Release|Any CPU
		Release|ARM = Release|ARM
		Release|iPhone = Release|iPhone
		Release|iPhoneSimulator = Release|iPhoneSimulator
		Release|x64 = Release|x64
		Release|x86 = Release|x86
	EndGlobalSection
	GlobalSection(ProjectConfigurationPlatforms) = postSolution
		{063AFF30-B286-4451-96B9-AB49F0168BE1}.Debug|Any CPU.ActiveCfg = Debug|Any CPU
		{063AFF30-B286-4451-96B9-AB49F0168BE1}.Debug|Any CPU.Build.0 = Debug|Any CPU
		{063AFF30-B286-4451-96B9-AB49F0168BE1}.Debug|ARM.ActiveCfg = Debug|Any CPU
		{063AFF30-B286-4451-96B9-AB49F0168BE1}.Debug|ARM.Build.0 = Debug|Any CPU
		{063AFF30-B286-4451-96B9-AB49F0168BE1}.Debug|iPhone.ActiveCfg = Debug|Any CPU
		{063AFF30-B286-4451-96B9-AB49F0168BE1}.Debug|iPhone.Build.0 = Debug|Any CPU
		{063AFF30-B286-4451-96B9-AB49F0168BE1}.Debug|iPhoneSimulator.ActiveCfg = Debug|Any CPU
		{063AFF30-B286-4451-96B9-AB49F0168BE1}.Debug|iPhoneSimulator.Build.0 = Debug|Any CPU
		{063AFF30-B286-4451-96B9-AB49F0168BE1}.Debug|x64.ActiveCfg = Debug|Any CPU
		{063AFF30-B286-4451-96B9-AB49F0168BE1}.Debug|x64.Build.0 = Debug|Any CPU
		{063AFF30-B286-4451-96B9-AB49F0168BE1}.Debug|x86.ActiveCfg = Debug|Any CPU
		{063AFF30-B286-4451-96B9-AB49F0168BE1}.Debug|x86.Build.0 = Debug|Any CPU
		{063AFF30-B286-4451-96B9-AB49F0168BE1}.Release|Any CPU.ActiveCfg = Release|Any CPU
		{063AFF30-B286-4451-96B9-AB49F0168BE1}.Release|Any CPU.Build.0 = Release|Any CPU
		{063AFF30-B286-4451-96B9-AB49F0168BE1}.Release|ARM.ActiveCfg = Release|Any CPU
		{063AFF30-B286-4451-96B9-AB49F0168BE1}.Release|ARM.Build.0 = Release|Any CPU
		{063AFF30-B286-4451-96B9-AB49F0168BE1}.Release|iPhone.ActiveCfg = Release|Any CPU
		{063AFF30-B286-4451-96B9-AB49F0168BE1}.Release|iPhone.Build.0 = Release|Any CPU
		{063AFF30-B286-4451-96B9-AB49F0168BE1}.Release|iPhoneSimulator.ActiveCfg = Release|Any CPU
		{063AFF30-B286-4451-96B9-AB49F0168BE1}.Release|iPhoneSimulator.Build.0 = Release|Any CPU
		{063AFF30-B286-4451-96B9-AB49F0168BE1}.Release|x64.ActiveCfg = Release|Any CPU
		{063AFF30-B286-4451-96B9-AB49F0168BE1}.Release|x64.Build.0 = Release|Any CPU
		{063AFF30-B286-4451-96B9-AB49F0168BE1}.Release|x86.ActiveCfg = Release|Any CPU
		{063AFF30-B286-4451-96B9-AB49F0168BE1}.Release|x86.Build.0 = Release|Any CPU
		{2301145F-0FE2-4528-BF5B-D46B209E0CAC}.Debug|Any CPU.ActiveCfg = Debug|Any CPU
		{2301145F-0FE2-4528-BF5B-D46B209E0CAC}.Debug|Any CPU.Build.0 = Debug|Any CPU
		{2301145F-0FE2-4528-BF5B-D46B209E0CAC}.Debug|ARM.ActiveCfg = Debug|Any CPU
		{2301145F-0FE2-4528-BF5B-D46B209E0CAC}.Debug|ARM.Build.0 = Debug|Any CPU
		{2301145F-0FE2-4528-BF5B-D46B209E0CAC}.Debug|iPhone.ActiveCfg = Debug|Any CPU
		{2301145F-0FE2-4528-BF5B-D46B209E0CAC}.Debug|iPhone.Build.0 = Debug|Any CPU
		{2301145F-0FE2-4528-BF5B-D46B209E0CAC}.Debug|iPhoneSimulator.ActiveCfg = Debug|Any CPU
		{2301145F-0FE2-4528-BF5B-D46B209E0CAC}.Debug|iPhoneSimulator.Build.0 = Debug|Any CPU
		{2301145F-0FE2-4528-BF5B-D46B209E0CAC}.Debug|x64.ActiveCfg = Debug|Any CPU
		{2301145F-0FE2-4528-BF5B-D46B209E0CAC}.Debug|x64.Build.0 = Debug|Any CPU
		{2301145F-0FE2-4528-BF5B-D46B209E0CAC}.Debug|x86.ActiveCfg = Debug|Any CPU
		{2301145F-0FE2-4528-BF5B-D46B209E0CAC}.Debug|x86.Build.0 = Debug|Any CPU
		{2301145F-0FE2-4528-BF5B-D46B209E0CAC}.Release|Any CPU.ActiveCfg = Release|Any CPU
		{2301145F-0FE2-4528-BF5B-D46B209E0CAC}.Release|Any CPU.Build.0 = Release|Any CPU
		{2301145F-0FE2-4528-BF5B-D46B209E0CAC}.Release|ARM.ActiveCfg = Release|Any CPU
		{2301145F-0FE2-4528-BF5B-D46B209E0CAC}.Release|ARM.Build.0 = Release|Any CPU
		{2301145F-0FE2-4528-BF5B-D46B209E0CAC}.Release|iPhone.ActiveCfg = Release|Any CPU
		{2301145F-0FE2-4528-BF5B-D46B209E0CAC}.Release|iPhone.Build.0 = Release|Any CPU
		{2301145F-0FE2-4528-BF5B-D46B209E0CAC}.Release|iPhoneSimulator.ActiveCfg = Release|Any CPU
		{2301145F-0FE2-4528-BF5B-D46B209E0CAC}.Release|iPhoneSimulator.Build.0 = Release|Any CPU
		{2301145F-0FE2-4528-BF5B-D46B209E0CAC}.Release|x64.ActiveCfg = Release|Any CPU
		{2301145F-0FE2-4528-BF5B-D46B209E0CAC}.Release|x64.Build.0 = Release|Any CPU
		{2301145F-0FE2-4528-BF5B-D46B209E0CAC}.Release|x86.ActiveCfg = Release|Any CPU
		{2301145F-0FE2-4528-BF5B-D46B209E0CAC}.Release|x86.Build.0 = Release|Any CPU
		{50863D59-C76F-4885-9D48-5DFFA0C301B1}.Debug|Any CPU.ActiveCfg = Debug|Any CPU
		{50863D59-C76F-4885-9D48-5DFFA0C301B1}.Debug|Any CPU.Build.0 = Debug|Any CPU
		{50863D59-C76F-4885-9D48-5DFFA0C301B1}.Debug|ARM.ActiveCfg = Debug|Any CPU
		{50863D59-C76F-4885-9D48-5DFFA0C301B1}.Debug|ARM.Build.0 = Debug|Any CPU
		{50863D59-C76F-4885-9D48-5DFFA0C301B1}.Debug|iPhone.ActiveCfg = Debug|Any CPU
		{50863D59-C76F-4885-9D48-5DFFA0C301B1}.Debug|iPhone.Build.0 = Debug|Any CPU
		{50863D59-C76F-4885-9D48-5DFFA0C301B1}.Debug|iPhoneSimulator.ActiveCfg = Debug|Any CPU
		{50863D59-C76F-4885-9D48-5DFFA0C301B1}.Debug|iPhoneSimulator.Build.0 = Debug|Any CPU
		{50863D59-C76F-4885-9D48-5DFFA0C301B1}.Debug|x64.ActiveCfg = Debug|Any CPU
		{50863D59-C76F-4885-9D48-5DFFA0C301B1}.Debug|x64.Build.0 = Debug|Any CPU
		{50863D59-C76F-4885-9D48-5DFFA0C301B1}.Debug|x86.ActiveCfg = Debug|Any CPU
		{50863D59-C76F-4885-9D48-5DFFA0C301B1}.Debug|x86.Build.0 = Debug|Any CPU
		{50863D59-C76F-4885-9D48-5DFFA0C301B1}.Release|Any CPU.ActiveCfg = Release|Any CPU
		{50863D59-C76F-4885-9D48-5DFFA0C301B1}.Release|Any CPU.Build.0 = Release|Any CPU
		{50863D59-C76F-4885-9D48-5DFFA0C301B1}.Release|ARM.ActiveCfg = Release|Any CPU
		{50863D59-C76F-4885-9D48-5DFFA0C301B1}.Release|ARM.Build.0 = Release|Any CPU
		{50863D59-C76F-4885-9D48-5DFFA0C301B1}.Release|iPhone.ActiveCfg = Release|Any CPU
		{50863D59-C76F-4885-9D48-5DFFA0C301B1}.Release|iPhone.Build.0 = Release|Any CPU
		{50863D59-C76F-4885-9D48-5DFFA0C301B1}.Release|iPhoneSimulator.ActiveCfg = Release|Any CPU
		{50863D59-C76F-4885-9D48-5DFFA0C301B1}.Release|iPhoneSimulator.Build.0 = Release|Any CPU
		{50863D59-C76F-4885-9D48-5DFFA0C301B1}.Release|x64.ActiveCfg = Release|Any CPU
		{50863D59-C76F-4885-9D48-5DFFA0C301B1}.Release|x64.Build.0 = Release|Any CPU
		{50863D59-C76F-4885-9D48-5DFFA0C301B1}.Release|x86.ActiveCfg = Release|Any CPU
		{50863D59-C76F-4885-9D48-5DFFA0C301B1}.Release|x86.Build.0 = Release|Any CPU
		{24CE3C36-16B9-426D-AA0C-5961ECF8D88C}.Debug|Any CPU.ActiveCfg = Debug|Any CPU
		{24CE3C36-16B9-426D-AA0C-5961ECF8D88C}.Debug|Any CPU.Build.0 = Debug|Any CPU
		{24CE3C36-16B9-426D-AA0C-5961ECF8D88C}.Debug|ARM.ActiveCfg = Debug|Any CPU
		{24CE3C36-16B9-426D-AA0C-5961ECF8D88C}.Debug|ARM.Build.0 = Debug|Any CPU
		{24CE3C36-16B9-426D-AA0C-5961ECF8D88C}.Debug|ARM.Deploy.0 = Debug|Any CPU
		{24CE3C36-16B9-426D-AA0C-5961ECF8D88C}.Debug|iPhone.ActiveCfg = Debug|Any CPU
		{24CE3C36-16B9-426D-AA0C-5961ECF8D88C}.Debug|iPhone.Build.0 = Debug|Any CPU
		{24CE3C36-16B9-426D-AA0C-5961ECF8D88C}.Debug|iPhone.Deploy.0 = Debug|Any CPU
		{24CE3C36-16B9-426D-AA0C-5961ECF8D88C}.Debug|iPhoneSimulator.ActiveCfg = Debug|Any CPU
		{24CE3C36-16B9-426D-AA0C-5961ECF8D88C}.Debug|iPhoneSimulator.Build.0 = Debug|Any CPU
		{24CE3C36-16B9-426D-AA0C-5961ECF8D88C}.Debug|iPhoneSimulator.Deploy.0 = Debug|Any CPU
		{24CE3C36-16B9-426D-AA0C-5961ECF8D88C}.Debug|x64.ActiveCfg = Debug|Any CPU
		{24CE3C36-16B9-426D-AA0C-5961ECF8D88C}.Debug|x64.Build.0 = Debug|Any CPU
		{24CE3C36-16B9-426D-AA0C-5961ECF8D88C}.Debug|x64.Deploy.0 = Debug|Any CPU
		{24CE3C36-16B9-426D-AA0C-5961ECF8D88C}.Debug|x86.ActiveCfg = Debug|Any CPU
		{24CE3C36-16B9-426D-AA0C-5961ECF8D88C}.Debug|x86.Build.0 = Debug|Any CPU
		{24CE3C36-16B9-426D-AA0C-5961ECF8D88C}.Release|Any CPU.ActiveCfg = Release|Any CPU
		{24CE3C36-16B9-426D-AA0C-5961ECF8D88C}.Release|Any CPU.Build.0 = Release|Any CPU
		{24CE3C36-16B9-426D-AA0C-5961ECF8D88C}.Release|Any CPU.Deploy.0 = Release|Any CPU
		{24CE3C36-16B9-426D-AA0C-5961ECF8D88C}.Release|ARM.ActiveCfg = Release|Any CPU
		{24CE3C36-16B9-426D-AA0C-5961ECF8D88C}.Release|ARM.Build.0 = Release|Any CPU
		{24CE3C36-16B9-426D-AA0C-5961ECF8D88C}.Release|ARM.Deploy.0 = Release|Any CPU
		{24CE3C36-16B9-426D-AA0C-5961ECF8D88C}.Release|iPhone.ActiveCfg = Release|Any CPU
		{24CE3C36-16B9-426D-AA0C-5961ECF8D88C}.Release|iPhone.Build.0 = Release|Any CPU
		{24CE3C36-16B9-426D-AA0C-5961ECF8D88C}.Release|iPhone.Deploy.0 = Release|Any CPU
		{24CE3C36-16B9-426D-AA0C-5961ECF8D88C}.Release|iPhoneSimulator.ActiveCfg = Release|Any CPU
		{24CE3C36-16B9-426D-AA0C-5961ECF8D88C}.Release|iPhoneSimulator.Build.0 = Release|Any CPU
		{24CE3C36-16B9-426D-AA0C-5961ECF8D88C}.Release|iPhoneSimulator.Deploy.0 = Release|Any CPU
		{24CE3C36-16B9-426D-AA0C-5961ECF8D88C}.Release|x64.ActiveCfg = Release|Any CPU
		{24CE3C36-16B9-426D-AA0C-5961ECF8D88C}.Release|x64.Build.0 = Release|Any CPU
		{24CE3C36-16B9-426D-AA0C-5961ECF8D88C}.Release|x64.Deploy.0 = Release|Any CPU
		{24CE3C36-16B9-426D-AA0C-5961ECF8D88C}.Release|x86.ActiveCfg = Release|Any CPU
		{24CE3C36-16B9-426D-AA0C-5961ECF8D88C}.Release|x86.Build.0 = Release|Any CPU
		{24CE3C36-16B9-426D-AA0C-5961ECF8D88C}.Release|x86.Deploy.0 = Release|Any CPU
		{F865DE2A-2C8D-4A56-A0CB-DB8DD16D05EE}.Debug|Any CPU.ActiveCfg = Debug|iPhone
		{F865DE2A-2C8D-4A56-A0CB-DB8DD16D05EE}.Debug|ARM.ActiveCfg = Debug|iPhone
		{F865DE2A-2C8D-4A56-A0CB-DB8DD16D05EE}.Debug|iPhone.ActiveCfg = Debug|iPhone
		{F865DE2A-2C8D-4A56-A0CB-DB8DD16D05EE}.Debug|iPhone.Build.0 = Debug|iPhone
		{F865DE2A-2C8D-4A56-A0CB-DB8DD16D05EE}.Debug|iPhoneSimulator.ActiveCfg = Debug|iPhoneSimulator
		{F865DE2A-2C8D-4A56-A0CB-DB8DD16D05EE}.Debug|iPhoneSimulator.Build.0 = Debug|iPhoneSimulator
		{F865DE2A-2C8D-4A56-A0CB-DB8DD16D05EE}.Debug|x64.ActiveCfg = Debug|iPhone
		{F865DE2A-2C8D-4A56-A0CB-DB8DD16D05EE}.Debug|x86.ActiveCfg = Debug|iPhone
		{F865DE2A-2C8D-4A56-A0CB-DB8DD16D05EE}.Release|Any CPU.ActiveCfg = Release|iPhone
		{F865DE2A-2C8D-4A56-A0CB-DB8DD16D05EE}.Release|ARM.ActiveCfg = Release|iPhone
		{F865DE2A-2C8D-4A56-A0CB-DB8DD16D05EE}.Release|iPhone.ActiveCfg = Release|iPhone
		{F865DE2A-2C8D-4A56-A0CB-DB8DD16D05EE}.Release|iPhone.Build.0 = Release|iPhone
		{F865DE2A-2C8D-4A56-A0CB-DB8DD16D05EE}.Release|iPhoneSimulator.ActiveCfg = Release|iPhoneSimulator
		{F865DE2A-2C8D-4A56-A0CB-DB8DD16D05EE}.Release|iPhoneSimulator.Build.0 = Release|iPhoneSimulator
		{F865DE2A-2C8D-4A56-A0CB-DB8DD16D05EE}.Release|x64.ActiveCfg = Release|iPhone
		{F865DE2A-2C8D-4A56-A0CB-DB8DD16D05EE}.Release|x86.ActiveCfg = Release|iPhone
		{662208A1-2D55-4EF2-AC84-22DEEE34DB8A}.Debug|Any CPU.ActiveCfg = Debug|x86
		{662208A1-2D55-4EF2-AC84-22DEEE34DB8A}.Debug|Any CPU.Build.0 = Debug|x86
		{662208A1-2D55-4EF2-AC84-22DEEE34DB8A}.Debug|Any CPU.Deploy.0 = Debug|x86
		{662208A1-2D55-4EF2-AC84-22DEEE34DB8A}.Debug|ARM.ActiveCfg = Debug|ARM
		{662208A1-2D55-4EF2-AC84-22DEEE34DB8A}.Debug|ARM.Build.0 = Debug|ARM
		{662208A1-2D55-4EF2-AC84-22DEEE34DB8A}.Debug|ARM.Deploy.0 = Debug|ARM
		{662208A1-2D55-4EF2-AC84-22DEEE34DB8A}.Debug|iPhone.ActiveCfg = Debug|x86
		{662208A1-2D55-4EF2-AC84-22DEEE34DB8A}.Debug|iPhoneSimulator.ActiveCfg = Debug|x86
		{662208A1-2D55-4EF2-AC84-22DEEE34DB8A}.Debug|x64.ActiveCfg = Debug|x64
		{662208A1-2D55-4EF2-AC84-22DEEE34DB8A}.Debug|x64.Build.0 = Debug|x64
		{662208A1-2D55-4EF2-AC84-22DEEE34DB8A}.Debug|x64.Deploy.0 = Debug|x64
		{662208A1-2D55-4EF2-AC84-22DEEE34DB8A}.Debug|x86.ActiveCfg = Debug|x86
		{662208A1-2D55-4EF2-AC84-22DEEE34DB8A}.Debug|x86.Build.0 = Debug|x86
		{662208A1-2D55-4EF2-AC84-22DEEE34DB8A}.Debug|x86.Deploy.0 = Debug|x86
		{662208A1-2D55-4EF2-AC84-22DEEE34DB8A}.Release|Any CPU.ActiveCfg = Release|x86
		{662208A1-2D55-4EF2-AC84-22DEEE34DB8A}.Release|ARM.ActiveCfg = Release|ARM
		{662208A1-2D55-4EF2-AC84-22DEEE34DB8A}.Release|ARM.Build.0 = Release|ARM
		{662208A1-2D55-4EF2-AC84-22DEEE34DB8A}.Release|ARM.Deploy.0 = Release|ARM
		{662208A1-2D55-4EF2-AC84-22DEEE34DB8A}.Release|iPhone.ActiveCfg = Release|x86
		{662208A1-2D55-4EF2-AC84-22DEEE34DB8A}.Release|iPhoneSimulator.ActiveCfg = Release|x86
		{662208A1-2D55-4EF2-AC84-22DEEE34DB8A}.Release|x64.ActiveCfg = Release|x64
		{662208A1-2D55-4EF2-AC84-22DEEE34DB8A}.Release|x64.Build.0 = Release|x64
		{662208A1-2D55-4EF2-AC84-22DEEE34DB8A}.Release|x64.Deploy.0 = Release|x64
		{662208A1-2D55-4EF2-AC84-22DEEE34DB8A}.Release|x86.ActiveCfg = Release|x86
		{662208A1-2D55-4EF2-AC84-22DEEE34DB8A}.Release|x86.Build.0 = Release|x86
		{662208A1-2D55-4EF2-AC84-22DEEE34DB8A}.Release|x86.Deploy.0 = Release|x86
		{0210ADC9-4987-4296-B0C6-51C784F0D09B}.Debug|Any CPU.ActiveCfg = Debug|Any CPU
		{0210ADC9-4987-4296-B0C6-51C784F0D09B}.Debug|Any CPU.Build.0 = Debug|Any CPU
		{0210ADC9-4987-4296-B0C6-51C784F0D09B}.Debug|ARM.ActiveCfg = Debug|Any CPU
		{0210ADC9-4987-4296-B0C6-51C784F0D09B}.Debug|ARM.Build.0 = Debug|Any CPU
		{0210ADC9-4987-4296-B0C6-51C784F0D09B}.Debug|iPhone.ActiveCfg = Debug|Any CPU
		{0210ADC9-4987-4296-B0C6-51C784F0D09B}.Debug|iPhone.Build.0 = Debug|Any CPU
		{0210ADC9-4987-4296-B0C6-51C784F0D09B}.Debug|iPhoneSimulator.ActiveCfg = Debug|Any CPU
		{0210ADC9-4987-4296-B0C6-51C784F0D09B}.Debug|iPhoneSimulator.Build.0 = Debug|Any CPU
		{0210ADC9-4987-4296-B0C6-51C784F0D09B}.Debug|x64.ActiveCfg = Debug|Any CPU
		{0210ADC9-4987-4296-B0C6-51C784F0D09B}.Debug|x64.Build.0 = Debug|Any CPU
		{0210ADC9-4987-4296-B0C6-51C784F0D09B}.Debug|x86.ActiveCfg = Debug|Any CPU
		{0210ADC9-4987-4296-B0C6-51C784F0D09B}.Debug|x86.Build.0 = Debug|Any CPU
		{0210ADC9-4987-4296-B0C6-51C784F0D09B}.Release|Any CPU.ActiveCfg = Release|Any CPU
		{0210ADC9-4987-4296-B0C6-51C784F0D09B}.Release|Any CPU.Build.0 = Release|Any CPU
		{0210ADC9-4987-4296-B0C6-51C784F0D09B}.Release|ARM.ActiveCfg = Release|Any CPU
		{0210ADC9-4987-4296-B0C6-51C784F0D09B}.Release|ARM.Build.0 = Release|Any CPU
		{0210ADC9-4987-4296-B0C6-51C784F0D09B}.Release|iPhone.ActiveCfg = Release|Any CPU
		{0210ADC9-4987-4296-B0C6-51C784F0D09B}.Release|iPhone.Build.0 = Release|Any CPU
		{0210ADC9-4987-4296-B0C6-51C784F0D09B}.Release|iPhoneSimulator.ActiveCfg = Release|Any CPU
		{0210ADC9-4987-4296-B0C6-51C784F0D09B}.Release|iPhoneSimulator.Build.0 = Release|Any CPU
		{0210ADC9-4987-4296-B0C6-51C784F0D09B}.Release|x64.ActiveCfg = Release|Any CPU
		{0210ADC9-4987-4296-B0C6-51C784F0D09B}.Release|x64.Build.0 = Release|Any CPU
		{0210ADC9-4987-4296-B0C6-51C784F0D09B}.Release|x86.ActiveCfg = Release|Any CPU
		{0210ADC9-4987-4296-B0C6-51C784F0D09B}.Release|x86.Build.0 = Release|Any CPU
	EndGlobalSection
	GlobalSection(SolutionProperties) = preSolution
		HideSolutionNode = FALSE
	EndGlobalSection
	GlobalSection(NestedProjects) = preSolution
		{2301145F-0FE2-4528-BF5B-D46B209E0CAC} = {BD992347-DCF9-4943-8CAB-8E495D144098}
		{24CE3C36-16B9-426D-AA0C-5961ECF8D88C} = {8D3B25E1-54FF-40B3-813C-BF299742EC50}
		{F865DE2A-2C8D-4A56-A0CB-DB8DD16D05EE} = {8D3B25E1-54FF-40B3-813C-BF299742EC50}
		{662208A1-2D55-4EF2-AC84-22DEEE34DB8A} = {8D3B25E1-54FF-40B3-813C-BF299742EC50}
		{0210ADC9-4987-4296-B0C6-51C784F0D09B} = {8D3B25E1-54FF-40B3-813C-BF299742EC50}
	EndGlobalSection
	GlobalSection(ExtensibilityGlobals) = postSolution
		SolutionGuid = {642E9325-42F3-4951-A2E9-73B40C704750}
	EndGlobalSection
EndGlobal
